// !$*UTF8*$!
{
	archiveVersion = 1;
	classes = {
	};
	objectVersion = 56;
	objects = {

/* Begin PBXBuildFile section */
		F416A2282B629C3500E9838A /* TStocksIpadApp.swift in Sources */ = {isa = PBXBuildFile; fileRef = F416A2272B629C3500E9838A /* TStocksIpadApp.swift */; };
		F416A22A2B629C3500E9838A /* ContentView.swift in Sources */ = {isa = PBXBuildFile; fileRef = F416A2292B629C3500E9838A /* ContentView.swift */; };
		F416A22C2B629C3700E9838A /* Assets.xcassets in Resources */ = {isa = PBXBuildFile; fileRef = F416A22B2B629C3700E9838A /* Assets.xcassets */; };
		F416A22F2B629C3700E9838A /* Preview Assets.xcassets in Resources */ = {isa = PBXBuildFile; fileRef = F416A22E2B629C3700E9838A /* Preview Assets.xcassets */; };
		F471D0BA2B662AD600FB08F1 /* BaseView.swift in Sources */ = {isa = PBXBuildFile; fileRef = F471D0B92B662AD600FB08F1 /* BaseView.swift */; };
		F471D0C52B666E5800FB08F1 /* AlertsView.swift in Sources */ = {isa = PBXBuildFile; fileRef = F471D0C42B666E5800FB08F1 /* AlertsView.swift */; };
		F471D0C82B6671D000FB08F1 /* NotificationView.swift in Sources */ = {isa = PBXBuildFile; fileRef = F471D0C72B6671D000FB08F1 /* NotificationView.swift */; };
		F4BC3A3A2B63CC9B0027DEBC /* AdaptiveStack.swift in Sources */ = {isa = PBXBuildFile; fileRef = F4BC3A392B63CC9B0027DEBC /* AdaptiveStack.swift */; };
/* End PBXBuildFile section */

/* Begin PBXFileReference section */
		F416A2242B629C3500E9838A /* TStocksIpad.app */ = {isa = PBXFileReference; explicitFileType = wrapper.application; includeInIndex = 0; path = TStocksIpad.app; sourceTree = BUILT_PRODUCTS_DIR; };
		F416A2272B629C3500E9838A /* TStocksIpadApp.swift */ = {isa = PBXFileReference; lastKnownFileType = sourcecode.swift; path = TStocksIpadApp.swift; sourceTree = "<group>"; };
		F416A2292B629C3500E9838A /* ContentView.swift */ = {isa = PBXFileReference; lastKnownFileType = sourcecode.swift; path = ContentView.swift; sourceTree = "<group>"; };
		F416A22B2B629C3700E9838A /* Assets.xcassets */ = {isa = PBXFileReference; lastKnownFileType = folder.assetcatalog; path = Assets.xcassets; sourceTree = "<group>"; };
		F416A22E2B629C3700E9838A /* Preview Assets.xcassets */ = {isa = PBXFileReference; lastKnownFileType = folder.assetcatalog; path = "Preview Assets.xcassets"; sourceTree = "<group>"; };
		F471D0B92B662AD600FB08F1 /* BaseView.swift */ = {isa = PBXFileReference; lastKnownFileType = sourcecode.swift; path = BaseView.swift; sourceTree = "<group>"; };
		F471D0C42B666E5800FB08F1 /* AlertsView.swift */ = {isa = PBXFileReference; lastKnownFileType = sourcecode.swift; path = AlertsView.swift; sourceTree = "<group>"; };
		F471D0C72B6671D000FB08F1 /* NotificationView.swift */ = {isa = PBXFileReference; lastKnownFileType = sourcecode.swift; path = NotificationView.swift; sourceTree = "<group>"; };
		F4BC3A392B63CC9B0027DEBC /* AdaptiveStack.swift */ = {isa = PBXFileReference; lastKnownFileType = sourcecode.swift; path = AdaptiveStack.swift; sourceTree = "<group>"; };
/* End PBXFileReference section */

/* Begin PBXFrameworksBuildPhase section */
		F416A2212B629C3500E9838A /* Frameworks */ = {
			isa = PBXFrameworksBuildPhase;
			buildActionMask = 2147483647;
			files = (
			);
			runOnlyForDeploymentPostprocessing = 0;
		};
/* End PBXFrameworksBuildPhase section */

/* Begin PBXGroup section */
		F416A21B2B629C3500E9838A = {
			isa = PBXGroup;
			children = (
				F416A2252B629C3500E9838A /* Products */,
				F416A2262B629C3500E9838A /* TStocksIpad */,
			);
			sourceTree = "<group>";
		};
		F416A2252B629C3500E9838A /* Products */ = {
			isa = PBXGroup;
			children = (
				F416A2242B629C3500E9838A /* TStocksIpad.app */,
			);
			name = Products;
			sourceTree = "<group>";
		};
		F416A2262B629C3500E9838A /* TStocksIpad */ = {
			isa = PBXGroup;
			children = (
				F471D0C02B66685B00FB08F1 /* Profile */,
				F471D0BF2B66685400FB08F1 /* Social */,
				F471D0BE2B66684000FB08F1 /* Screener */,
				F471D0BD2B66683700FB08F1 /* Explore */,
				F471D0BC2B66682E00FB08F1 /* Notifications */,
				F471D0BB2B66682300FB08F1 /* Alerts */,
				F4BC3A372B63CC6A0027DEBC /* Common */,
				F416A2272B629C3500E9838A /* TStocksIpadApp.swift */,
				F416A2292B629C3500E9838A /* ContentView.swift */,
				F416A22B2B629C3700E9838A /* Assets.xcassets */,
				F416A22D2B629C3700E9838A /* Preview Content */,
			);
			path = TStocksIpad;
			sourceTree = "<group>";
		};
		F416A22D2B629C3700E9838A /* Preview Content */ = {
			isa = PBXGroup;
			children = (
				F416A22E2B629C3700E9838A /* Preview Assets.xcassets */,
			);
			path = "Preview Content";
			sourceTree = "<group>";
		};
		F471D0BB2B66682300FB08F1 /* Alerts */ = {
			isa = PBXGroup;
			children = (
				F471D0C12B66686F00FB08F1 /* Views */,
			);
			path = Alerts;
			sourceTree = "<group>";
		};
		F471D0BC2B66682E00FB08F1 /* Notifications */ = {
			isa = PBXGroup;
			children = (
				F471D0C62B6671C000FB08F1 /* Views */,
			);
			path = Notifications;
			sourceTree = "<group>";
		};
		F471D0BD2B66683700FB08F1 /* Explore */ = {
			isa = PBXGroup;
			children = (
			);
			path = Explore;
			sourceTree = "<group>";
		};
		F471D0BE2B66684000FB08F1 /* Screener */ = {
			isa = PBXGroup;
			children = (
			);
			path = Screener;
			sourceTree = "<group>";
		};
		F471D0BF2B66685400FB08F1 /* Social */ = {
			isa = PBXGroup;
			children = (
			);
			path = Social;
			sourceTree = "<group>";
		};
		F471D0C02B66685B00FB08F1 /* Profile */ = {
			isa = PBXGroup;
			children = (
			);
			path = Profile;
			sourceTree = "<group>";
		};
		F471D0C12B66686F00FB08F1 /* Views */ = {
			isa = PBXGroup;
			children = (
				F471D0C42B666E5800FB08F1 /* AlertsView.swift */,
			);
			path = Views;
			sourceTree = "<group>";
		};
		F471D0C62B6671C000FB08F1 /* Views */ = {
			isa = PBXGroup;
			children = (
				F471D0C72B6671D000FB08F1 /* NotificationView.swift */,
			);
			path = Views;
			sourceTree = "<group>";
		};
		F4BC3A372B63CC6A0027DEBC /* Common */ = {
			isa = PBXGroup;
			children = (
				F4BC3A382B63CC840027DEBC /* Views */,
			);
			path = Common;
			sourceTree = "<group>";
		};
		F4BC3A382B63CC840027DEBC /* Views */ = {
			isa = PBXGroup;
			children = (
				F4BC3A392B63CC9B0027DEBC /* AdaptiveStack.swift */,
				F471D0B92B662AD600FB08F1 /* BaseView.swift */,
			);
			path = Views;
			sourceTree = "<group>";
		};
/* End PBXGroup section */

/* Begin PBXNativeTarget section */
		F416A2232B629C3500E9838A /* TStocksIpad */ = {
			isa = PBXNativeTarget;
			buildConfigurationList = F416A2322B629C3700E9838A /* Build configuration list for PBXNativeTarget "TStocksIpad" */;
			buildPhases = (
				F416A2202B629C3500E9838A /* Sources */,
				F416A2212B629C3500E9838A /* Frameworks */,
				F416A2222B629C3500E9838A /* Resources */,
			);
			buildRules = (
			);
			dependencies = (
			);
			name = TStocksIpad;
			productName = TStocksIpad;
			productReference = F416A2242B629C3500E9838A /* TStocksIpad.app */;
			productType = "com.apple.product-type.application";
		};
/* End PBXNativeTarget section */

/* Begin PBXProject section */
		F416A21C2B629C3500E9838A /* Project object */ = {
			isa = PBXProject;
			attributes = {
				BuildIndependentTargetsInParallel = 1;
				LastSwiftUpdateCheck = 1500;
				LastUpgradeCheck = 1500;
				TargetAttributes = {
					F416A2232B629C3500E9838A = {
						CreatedOnToolsVersion = 15.0;
					};
				};
			};
			buildConfigurationList = F416A21F2B629C3500E9838A /* Build configuration list for PBXProject "TStocksIpad" */;
			compatibilityVersion = "Xcode 14.0";
			developmentRegion = en;
			hasScannedForEncodings = 0;
			knownRegions = (
				en,
				Base,
			);
			mainGroup = F416A21B2B629C3500E9838A;
			productRefGroup = F416A2252B629C3500E9838A /* Products */;
			projectDirPath = "";
			projectRoot = "";
			targets = (
				F416A2232B629C3500E9838A /* TStocksIpad */,
			);
		};
/* End PBXProject section */

/* Begin PBXResourcesBuildPhase section */
		F416A2222B629C3500E9838A /* Resources */ = {
			isa = PBXResourcesBuildPhase;
			buildActionMask = 2147483647;
			files = (
				F416A22F2B629C3700E9838A /* Preview Assets.xcassets in Resources */,
				F416A22C2B629C3700E9838A /* Assets.xcassets in Resources */,
			);
			runOnlyForDeploymentPostprocessing = 0;
		};
/* End PBXResourcesBuildPhase section */

/* Begin PBXSourcesBuildPhase section */
		F416A2202B629C3500E9838A /* Sources */ = {
			isa = PBXSourcesBuildPhase;
			buildActionMask = 2147483647;
			files = (
				F416A22A2B629C3500E9838A /* ContentView.swift in Sources */,
				F471D0C82B6671D000FB08F1 /* NotificationView.swift in Sources */,
				F471D0C52B666E5800FB08F1 /* AlertsView.swift in Sources */,
				F416A2282B629C3500E9838A /* TStocksIpadApp.swift in Sources */,
				F4BC3A3A2B63CC9B0027DEBC /* AdaptiveStack.swift in Sources */,
				F471D0BA2B662AD600FB08F1 /* BaseView.swift in Sources */,
			);
			runOnlyForDeploymentPostprocessing = 0;
		};
/* End PBXSourcesBuildPhase section */

/* Begin XCBuildConfiguration section */
		F416A2302B629C3700E9838A /* Debug */ = {
			isa = XCBuildConfiguration;
			buildSettings = {
				ALWAYS_SEARCH_USER_PATHS = NO;
				ASSETCATALOG_COMPILER_GENERATE_SWIFT_ASSET_SYMBOL_EXTENSIONS = YES;
				CLANG_ANALYZER_NONNULL = YES;
				CLANG_ANALYZER_NUMBER_OBJECT_CONVERSION = YES_AGGRESSIVE;
				CLANG_CXX_LANGUAGE_STANDARD = "gnu++20";
				CLANG_ENABLE_MODULES = YES;
				CLANG_ENABLE_OBJC_ARC = YES;
				CLANG_ENABLE_OBJC_WEAK = YES;
				CLANG_WARN_BLOCK_CAPTURE_AUTORELEASING = YES;
				CLANG_WARN_BOOL_CONVERSION = YES;
				CLANG_WARN_COMMA = YES;
				CLANG_WARN_CONSTANT_CONVERSION = YES;
				CLANG_WARN_DEPRECATED_OBJC_IMPLEMENTATIONS = YES;
				CLANG_WARN_DIRECT_OBJC_ISA_USAGE = YES_ERROR;
				CLANG_WARN_DOCUMENTATION_COMMENTS = YES;
				CLANG_WARN_EMPTY_BODY = YES;
				CLANG_WARN_ENUM_CONVERSION = YES;
				CLANG_WARN_INFINITE_RECURSION = YES;
				CLANG_WARN_INT_CONVERSION = YES;
				CLANG_WARN_NON_LITERAL_NULL_CONVERSION = YES;
				CLANG_WARN_OBJC_IMPLICIT_RETAIN_SELF = YES;
				CLANG_WARN_OBJC_LITERAL_CONVERSION = YES;
				CLANG_WARN_OBJC_ROOT_CLASS = YES_ERROR;
				CLANG_WARN_QUOTED_INCLUDE_IN_FRAMEWORK_HEADER = YES;
				CLANG_WARN_RANGE_LOOP_ANALYSIS = YES;
				CLANG_WARN_STRICT_PROTOTYPES = YES;
				CLANG_WARN_SUSPICIOUS_MOVE = YES;
				CLANG_WARN_UNGUARDED_AVAILABILITY = YES_AGGRESSIVE;
				CLANG_WARN_UNREACHABLE_CODE = YES;
				CLANG_WARN__DUPLICATE_METHOD_MATCH = YES;
				COPY_PHASE_STRIP = NO;
				DEBUG_INFORMATION_FORMAT = dwarf;
				ENABLE_STRICT_OBJC_MSGSEND = YES;
				ENABLE_TESTABILITY = YES;
				ENABLE_USER_SCRIPT_SANDBOXING = YES;
				GCC_C_LANGUAGE_STANDARD = gnu17;
				GCC_DYNAMIC_NO_PIC = NO;
				GCC_NO_COMMON_BLOCKS = YES;
				GCC_OPTIMIZATION_LEVEL = 0;
				GCC_PREPROCESSOR_DEFINITIONS = (
					"DEBUG=1",
					"$(inherited)",
				);
				GCC_WARN_64_TO_32_BIT_CONVERSION = YES;
				GCC_WARN_ABOUT_RETURN_TYPE = YES_ERROR;
				GCC_WARN_UNDECLARED_SELECTOR = YES;
				GCC_WARN_UNINITIALIZED_AUTOS = YES_AGGRESSIVE;
				GCC_WARN_UNUSED_FUNCTION = YES;
				GCC_WARN_UNUSED_VARIABLE = YES;
				IPHONEOS_DEPLOYMENT_TARGET = 17.0;
				LOCALIZATION_PREFERS_STRING_CATALOGS = YES;
				MTL_ENABLE_DEBUG_INFO = INCLUDE_SOURCE;
				MTL_FAST_MATH = YES;
				ONLY_ACTIVE_ARCH = YES;
				SDKROOT = iphoneos;
				SWIFT_ACTIVE_COMPILATION_CONDITIONS = "DEBUG $(inherited)";
				SWIFT_OPTIMIZATION_LEVEL = "-Onone";
			};
			name = Debug;
		};
		F416A2312B629C3700E9838A /* Release */ = {
			isa = XCBuildConfiguration;
			buildSettings = {
				ALWAYS_SEARCH_USER_PATHS = NO;
				ASSETCATALOG_COMPILER_GENERATE_SWIFT_ASSET_SYMBOL_EXTENSIONS = YES;
				CLANG_ANALYZER_NONNULL = YES;
				CLANG_ANALYZER_NUMBER_OBJECT_CONVERSION = YES_AGGRESSIVE;
				CLANG_CXX_LANGUAGE_STANDARD = "gnu++20";
				CLANG_ENABLE_MODULES = YES;
				CLANG_ENABLE_OBJC_ARC = YES;
				CLANG_ENABLE_OBJC_WEAK = YES;
				CLANG_WARN_BLOCK_CAPTURE_AUTORELEASING = YES;
				CLANG_WARN_BOOL_CONVERSION = YES;
				CLANG_WARN_COMMA = YES;
				CLANG_WARN_CONSTANT_CONVERSION = YES;
				CLANG_WARN_DEPRECATED_OBJC_IMPLEMENTATIONS = YES;
				CLANG_WARN_DIRECT_OBJC_ISA_USAGE = YES_ERROR;
				CLANG_WARN_DOCUMENTATION_COMMENTS = YES;
				CLANG_WARN_EMPTY_BODY = YES;
				CLANG_WARN_ENUM_CONVERSION = YES;
				CLANG_WARN_INFINITE_RECURSION = YES;
				CLANG_WARN_INT_CONVERSION = YES;
				CLANG_WARN_NON_LITERAL_NULL_CONVERSION = YES;
				CLANG_WARN_OBJC_IMPLICIT_RETAIN_SELF = YES;
				CLANG_WARN_OBJC_LITERAL_CONVERSION = YES;
				CLANG_WARN_OBJC_ROOT_CLASS = YES_ERROR;
				CLANG_WARN_QUOTED_INCLUDE_IN_FRAMEWORK_HEADER = YES;
				CLANG_WARN_RANGE_LOOP_ANALYSIS = YES;
				CLANG_WARN_STRICT_PROTOTYPES = YES;
				CLANG_WARN_SUSPICIOUS_MOVE = YES;
				CLANG_WARN_UNGUARDED_AVAILABILITY = YES_AGGRESSIVE;
				CLANG_WARN_UNREACHABLE_CODE = YES;
				CLANG_WARN__DUPLICATE_METHOD_MATCH = YES;
				COPY_PHASE_STRIP = NO;
				DEBUG_INFORMATION_FORMAT = "dwarf-with-dsym";
				ENABLE_NS_ASSERTIONS = NO;
				ENABLE_STRICT_OBJC_MSGSEND = YES;
				ENABLE_USER_SCRIPT_SANDBOXING = YES;
				GCC_C_LANGUAGE_STANDARD = gnu17;
				GCC_NO_COMMON_BLOCKS = YES;
				GCC_WARN_64_TO_32_BIT_CONVERSION = YES;
				GCC_WARN_ABOUT_RETURN_TYPE = YES_ERROR;
				GCC_WARN_UNDECLARED_SELECTOR = YES;
				GCC_WARN_UNINITIALIZED_AUTOS = YES_AGGRESSIVE;
				GCC_WARN_UNUSED_FUNCTION = YES;
				GCC_WARN_UNUSED_VARIABLE = YES;
				IPHONEOS_DEPLOYMENT_TARGET = 17.0;
				LOCALIZATION_PREFERS_STRING_CATALOGS = YES;
				MTL_ENABLE_DEBUG_INFO = NO;
				MTL_FAST_MATH = YES;
				SDKROOT = iphoneos;
				SWIFT_COMPILATION_MODE = wholemodule;
				VALIDATE_PRODUCT = YES;
			};
			name = Release;
		};
		F416A2332B629C3700E9838A /* Debug */ = {
			isa = XCBuildConfiguration;
			buildSettings = {
				ASSETCATALOG_COMPILER_APPICON_NAME = AppIcon;
				ASSETCATALOG_COMPILER_GLOBAL_ACCENT_COLOR_NAME = AccentColor;
				CODE_SIGN_STYLE = Automatic;
				CURRENT_PROJECT_VERSION = 1;
				DEVELOPMENT_ASSET_PATHS = "\"TStocksIpad/Preview Content\"";
				DEVELOPMENT_TEAM = 55T583Y7NH;
				ENABLE_PREVIEWS = YES;
				GENERATE_INFOPLIST_FILE = YES;
				INFOPLIST_KEY_UIApplicationSceneManifest_Generation = YES;
				INFOPLIST_KEY_UIApplicationSupportsIndirectInputEvents = YES;
				INFOPLIST_KEY_UILaunchScreen_Generation = YES;
				INFOPLIST_KEY_UIStatusBarStyle = "";
				INFOPLIST_KEY_UISupportedInterfaceOrientations_iPad = "UIInterfaceOrientationLandscapeLeft UIInterfaceOrientationLandscapeRight UIInterfaceOrientationPortrait UIInterfaceOrientationPortraitUpsideDown";
				LD_RUNPATH_SEARCH_PATHS = (
					"$(inherited)",
					"@executable_path/Frameworks",
				);
				MARKETING_VERSION = 1.0.0;
				PRODUCT_BUNDLE_IDENTIFIER = com.santivera.TStocksIpad;
				PRODUCT_NAME = "$(TARGET_NAME)";
				SWIFT_EMIT_LOC_STRINGS = YES;
				SWIFT_VERSION = 5.0;
				TARGETED_DEVICE_FAMILY = "1,2";
			};
			name = Debug;
		};
		F416A2342B629C3700E9838A /* Release */ = {
			isa = XCBuildConfiguration;
			buildSettings = {
				ASSETCATALOG_COMPILER_APPICON_NAME = AppIcon;
				ASSETCATALOG_COMPILER_GLOBAL_ACCENT_COLOR_NAME = AccentColor;
				CODE_SIGN_STYLE = Automatic;
				CURRENT_PROJECT_VERSION = 1;
				DEVELOPMENT_ASSET_PATHS = "\"TStocksIpad/Preview Content\"";
				DEVELOPMENT_TEAM = 55T583Y7NH;
				ENABLE_PREVIEWS = YES;
				GENERATE_INFOPLIST_FILE = YES;
				INFOPLIST_KEY_UIApplicationSceneManifest_Generation = YES;
				INFOPLIST_KEY_UIApplicationSupportsIndirectInputEvents = YES;
				INFOPLIST_KEY_UILaunchScreen_Generation = YES;
				INFOPLIST_KEY_UIStatusBarStyle = "";
				INFOPLIST_KEY_UISupportedInterfaceOrientations_iPad = "UIInterfaceOrientationLandscapeLeft UIInterfaceOrientationLandscapeRight UIInterfaceOrientationPortrait UIInterfaceOrientationPortraitUpsideDown";
				LD_RUNPATH_SEARCH_PATHS = (
					"$(inherited)",
					"@executable_path/Frameworks",
				);
				MARKETING_VERSION = 1.0.0;
				PRODUCT_BUNDLE_IDENTIFIER = com.santivera.TStocksIpad;
				PRODUCT_NAME = "$(TARGET_NAME)";
				SWIFT_EMIT_LOC_STRINGS = YES;
				SWIFT_VERSION = 5.0;
				TARGETED_DEVICE_FAMILY = "1,2";
			};
			name = Release;
		};
/* End XCBuildConfiguration section */

/* Begin XCConfigurationList section */
		F416A21F2B629C3500E9838A /* Build configuration list for PBXProject "TStocksIpad" */ = {
			isa = XCConfigurationList;
			buildConfigurations = (
				F416A2302B629C3700E9838A /* Debug */,
				F416A2312B629C3700E9838A /* Release */,
			);
			defaultConfigurationIsVisible = 0;
			defaultConfigurationName = Release;
		};
		F416A2322B629C3700E9838A /* Build configuration list for PBXNativeTarget "TStocksIpad" */ = {
			isa = XCConfigurationList;
			buildConfigurations = (
				F416A2332B629C3700E9838A /* Debug */,
				F416A2342B629C3700E9838A /* Release */,
			);
			defaultConfigurationIsVisible = 0;
			defaultConfigurationName = Release;
		};
/* End XCConfigurationList section */
	};
	rootObject = F416A21C2B629C3500E9838A /* Project object */;
}
